
Microsoft Visual Studio Solution File, Format Version 12.00
# Visual Studio 15
VisualStudioVersion = 15.0.26124.0
MinimumVisualStudioVersion = 15.0.26124.0
Project("{FAE04EC0-301F-11D3-BF4B-00C04F79EFBC}") = "ProAgil.WebAPI", "ProAgil.WebAPI\ProAgil.WebAPI.csproj", "{D6ECA47A-6680-454F-847B-058CE2B0AAEB}"
EndProject
Project("{FAE04EC0-301F-11D3-BF4B-00C04F79EFBC}") = "ProAgil.Repository", "ProAgil.Repository\ProAgil.Repository.csproj", "{2A30D77E-D9EF-4F95-9D4D-9EEE05D5FFAD}"
EndProject
Project("{FAE04EC0-301F-11D3-BF4B-00C04F79EFBC}") = "ProAgil.Domain", "ProAgil.Domain\ProAgil.Domain.csproj", "{3AA8E2B9-0CFD-49F6-8729-2F79FB4D2B55}"
EndProject
Global
	GlobalSection(SolutionConfigurationPlatforms) = preSolution
		Debug|Any CPU = Debug|Any CPU
		Debug|x64 = Debug|x64
		Debug|x86 = Debug|x86
		Release|Any CPU = Release|Any CPU
		Release|x64 = Release|x64
		Release|x86 = Release|x86
	EndGlobalSection
	GlobalSection(SolutionProperties) = preSolution
		HideSolutionNode = FALSE
	EndGlobalSection
	GlobalSection(ProjectConfigurationPlatforms) = postSolution
		{D6ECA47A-6680-454F-847B-058CE2B0AAEB}.Debug|Any CPU.ActiveCfg = Debug|Any CPU
		{D6ECA47A-6680-454F-847B-058CE2B0AAEB}.Debug|Any CPU.Build.0 = Debug|Any CPU
		{D6ECA47A-6680-454F-847B-058CE2B0AAEB}.Debug|x64.ActiveCfg = Debug|Any CPU
		{D6ECA47A-6680-454F-847B-058CE2B0AAEB}.Debug|x64.Build.0 = Debug|Any CPU
		{D6ECA47A-6680-454F-847B-058CE2B0AAEB}.Debug|x86.ActiveCfg = Debug|Any CPU
		{D6ECA47A-6680-454F-847B-058CE2B0AAEB}.Debug|x86.Build.0 = Debug|Any CPU
		{D6ECA47A-6680-454F-847B-058CE2B0AAEB}.Release|Any CPU.ActiveCfg = Release|Any CPU
		{D6ECA47A-6680-454F-847B-058CE2B0AAEB}.Release|Any CPU.Build.0 = Release|Any CPU
		{D6ECA47A-6680-454F-847B-058CE2B0AAEB}.Release|x64.ActiveCfg = Release|Any CPU
		{D6ECA47A-6680-454F-847B-058CE2B0AAEB}.Release|x64.Build.0 = Release|Any CPU
		{D6ECA47A-6680-454F-847B-058CE2B0AAEB}.Release|x86.ActiveCfg = Release|Any CPU
		{D6ECA47A-6680-454F-847B-058CE2B0AAEB}.Release|x86.Build.0 = Release|Any CPU
		{2A30D77E-D9EF-4F95-9D4D-9EEE05D5FFAD}.Debug|Any CPU.ActiveCfg = Debug|Any CPU
		{2A30D77E-D9EF-4F95-9D4D-9EEE05D5FFAD}.Debug|Any CPU.Build.0 = Debug|Any CPU
		{2A30D77E-D9EF-4F95-9D4D-9EEE05D5FFAD}.Debug|x64.ActiveCfg = Debug|Any CPU
		{2A30D77E-D9EF-4F95-9D4D-9EEE05D5FFAD}.Debug|x64.Build.0 = Debug|Any CPU
		{2A30D77E-D9EF-4F95-9D4D-9EEE05D5FFAD}.Debug|x86.ActiveCfg = Debug|Any CPU
		{2A30D77E-D9EF-4F95-9D4D-9EEE05D5FFAD}.Debug|x86.Build.0 = Debug|Any CPU
		{2A30D77E-D9EF-4F95-9D4D-9EEE05D5FFAD}.Release|Any CPU.ActiveCfg = Release|Any CPU
		{2A30D77E-D9EF-4F95-9D4D-9EEE05D5FFAD}.Release|Any CPU.Build.0 = Release|Any CPU
		{2A30D77E-D9EF-4F95-9D4D-9EEE05D5FFAD}.Release|x64.ActiveCfg = Release|Any CPU
		{2A30D77E-D9EF-4F95-9D4D-9EEE05D5FFAD}.Release|x64.Build.0 = Release|Any CPU
		{2A30D77E-D9EF-4F95-9D4D-9EEE05D5FFAD}.Release|x86.ActiveCfg = Release|Any CPU
		{2A30D77E-D9EF-4F95-9D4D-9EEE05D5FFAD}.Release|x86.Build.0 = Release|Any CPU
		{3AA8E2B9-0CFD-49F6-8729-2F79FB4D2B55}.Debug|Any CPU.ActiveCfg = Debug|Any CPU
		{3AA8E2B9-0CFD-49F6-8729-2F79FB4D2B55}.Debug|Any CPU.Build.0 = Debug|Any CPU
		{3AA8E2B9-0CFD-49F6-8729-2F79FB4D2B55}.Debug|x64.ActiveCfg = Debug|Any CPU
		{3AA8E2B9-0CFD-49F6-8729-2F79FB4D2B55}.Debug|x64.Build.0 = Debug|Any CPU
		{3AA8E2B9-0CFD-49F6-8729-2F79FB4D2B55}.Debug|x86.ActiveCfg = Debug|Any CPU
		{3AA8E2B9-0CFD-49F6-8729-2F79FB4D2B55}.Debug|x86.Build.0 = Debug|Any CPU
		{3AA8E2B9-0CFD-49F6-8729-2F79FB4D2B55}.Release|Any CPU.ActiveCfg = Release|Any CPU
		{3AA8E2B9-0CFD-49F6-8729-2F79FB4D2B55}.Release|Any CPU.Build.0 = Release|Any CPU
		{3AA8E2B9-0CFD-49F6-8729-2F79FB4D2B55}.Release|x64.ActiveCfg = Release|Any CPU
		{3AA8E2B9-0CFD-49F6-8729-2F79FB4D2B55}.Release|x64.Build.0 = Release|Any CPU
		{3AA8E2B9-0CFD-49F6-8729-2F79FB4D2B55}.Release|x86.ActiveCfg = Release|Any CPU
		{3AA8E2B9-0CFD-49F6-8729-2F79FB4D2B55}.Release|x86.Build.0 = Release|Any CPU
	EndGlobalSection
EndGlobal
